
Microsoft Visual Studio Solution File, Format Version 12.00
# Visual Studio 15
VisualStudioVersion = 15.0.28307.1000
MinimumVisualStudioVersion = 10.0.40219.1
Project("{FAE04EC0-301F-11D3-BF4B-00C04F79EFBC}") = "SalesWebMvc", "SalesWebMvc\SalesWebMvc.csproj", "{E294523D-B4EB-4B54-B593-9EC91A1A109E}"
EndProject
Global
	GlobalSection(SolutionConfigurationPlatforms) = preSolution
		Debug|Any CPU = Debug|Any CPU
		Release|Any CPU = Release|Any CPU
	EndGlobalSection
	GlobalSection(ProjectConfigurationPlatforms) = postSolution
		{E294523D-B4EB-4B54-B593-9EC91A1A109E}.Debug|Any CPU.ActiveCfg = Debug|Any CPU
		{E294523D-B4EB-4B54-B593-9EC91A1A109E}.Debug|Any CPU.Build.0 = Debug|Any CPU
		{E294523D-B4EB-4B54-B593-9EC91A1A109E}.Release|Any CPU.ActiveCfg = Release|Any CPU
		{E294523D-B4EB-4B54-B593-9EC91A1A109E}.Release|Any CPU.Build.0 = Release|Any CPU
	EndGlobalSection
	GlobalSection(SolutionProperties) = preSolution
		HideSolutionNode = FALSE
	EndGlobalSection
	GlobalSection(ExtensibilityGlobals) = postSolution
		SolutionGuid = {7A2781DF-680E-4C3B-B723-E004E7464ED2}
	EndGlobalSection
EndGlobal
